
Microsoft Visual Studio Solution File, Format Version 12.00
# Visual Studio Version 17
VisualStudioVersion = 17.2.32526.322
MinimumVisualStudioVersion = 10.0.40219.1
Project("{FAE04EC0-301F-11D3-BF4B-00C04F79EFBC}") = "TelegramMessageRepeator", "TelegramMessageRepeator.csproj", "{57A4C93D-2A76-4A15-89C2-51F254D7FC48}"
EndProject
Global
	GlobalSection(SolutionConfigurationPlatforms) = preSolution
		Debug|Any CPU = Debug|Any CPU
		Release|Any CPU = Release|Any CPU
	EndGlobalSection
	GlobalSection(ProjectConfigurationPlatforms) = postSolution
		{57A4C93D-2A76-4A15-89C2-51F254D7FC48}.Debug|Any CPU.ActiveCfg = Debug|Any CPU
		{57A4C93D-2A76-4A15-89C2-51F254D7FC48}.Debug|Any CPU.Build.0 = Debug|Any CPU
		{57A4C93D-2A76-4A15-89C2-51F254D7FC48}.Release|Any CPU.ActiveCfg = Release|Any CPU
		{57A4C93D-2A76-4A15-89C2-51F254D7FC48}.Release|Any CPU.Build.0 = Release|Any CPU
	EndGlobalSection
	GlobalSection(SolutionProperties) = preSolution
		HideSolutionNode = FALSE
	EndGlobalSection
	GlobalSection(ExtensibilityGlobals) = postSolution
		SolutionGuid = {DF856309-275E-4C7F-AC17-3ADBC6C6AD7A}
	EndGlobalSection
EndGlobal
